<?xml version="1.0" encoding="utf-8"?>
<Project ToolsVersion="4.0" xmlns="http://schemas.microsoft.com/developer/msbuild/2003">
  <ItemGroup>
    <Filter Include="源文件">
      <UniqueIdentifier>{4FC737F1-C7A5-4376-A066-2A32D752A2FF}</UniqueIdentifier>
      <Extensions>cpp;c;cc;cxx;def;odl;idl;hpj;bat;asm;asmx</Extensions>
    </Filter>
    <Filter Include="源文件\Game">
      <UniqueIdentifier>{8551c2db-5c7f-4d6b-9ed5-555903c50b2a}</UniqueIdentifier>
    </Filter>
    <Filter Include="源文件\Engine">
      <UniqueIdentifier>{de095081-f083-4920-a9aa-1179afe34747}</UniqueIdentifier>
    </Filter>
    <Filter Include="源文件\Engine\_Scene">
      <UniqueIdentifier>{444ffb1a-b468-4fc6-ad80-c3c0bd934e7c}</UniqueIdentifier>
    </Filter>
    <Filter Include="源文件\Engine\_Renderer">
      <UniqueIdentifier>{6f672f37-f8b7-4f32-b677-5b9da42889c0}</UniqueIdentifier>
    </Filter>
    <Filter Include="源文件\Engine\_Core">
      <UniqueIdentifier>{9988b8f6-8fae-42a7-9669-73bac56fed32}</UniqueIdentifier>
    </Filter>
    <Filter Include="源文件\Game\MainGame">
      <UniqueIdentifier>{8d8f134b-9781-4ca9-8b05-2b434c3381a9}</UniqueIdentifier>
    </Filter>
    <Filter Include="源文件\Game\MainGame\GameObject">
      <UniqueIdentifier>{da694da1-e8d9-439d-b495-5e5271cb4f71}</UniqueIdentifier>
    </Filter>
    <Filter Include="源文件\Game\MainGame\GameObject\Player">
      <UniqueIdentifier>{705a5035-1f16-4ad0-96c9-0bf5712f692c}</UniqueIdentifier>
    </Filter>
    <Filter Include="源文件\Game\MainGame\GameObject\Chicken">
      <UniqueIdentifier>{db026836-07f3-4562-80cc-d4d7f43d4047}</UniqueIdentifier>
    </Filter>
    <Filter Include="源文件\Game\MainGame\GameObject\SceneEnv">
      <UniqueIdentifier>{c0badbe8-2afc-4b72-87f0-5e91ceb23359}</UniqueIdentifier>
    </Filter>
    <Filter Include="源文件\Game\MainGame\GameObject\BulletMgr">
      <UniqueIdentifier>{15673e18-1676-4ac3-8c62-330f82093213}</UniqueIdentifier>
    </Filter>
    <Filter Include="源文件\Game\MainGame\GameLogic">
      <UniqueIdentifier>{cd3c90ef-64b2-4fce-8518-2541c52336ee}</UniqueIdentifier>
    </Filter>
    <Filter Include="源文件\Game\MainGame\GameObject\_Base_GameObject">
      <UniqueIdentifier>{eb862792-d44c-44d8-83f5-7827d1447fd7}</UniqueIdentifier>
    </Filter>
    <Filter Include="源文件\Game\MainGame\GameObject\Asteroid">
      <UniqueIdentifier>{4e3dfa7b-8f44-410e-8032-d0bc5425650e}</UniqueIdentifier>
    </Filter>
    <Filter Include="源文件\Game\MainGame\Menus">
      <UniqueIdentifier>{990a7721-6bc0-434b-b45c-bb47d68ab708}</UniqueIdentifier>
    </Filter>
  </ItemGroup>
  <ItemGroup>
    <ClCompile Include="main.cpp">
      <Filter>源文件</Filter>
    </ClCompile>
    <ClCompile Include="Renderer.cpp">
      <Filter>源文件\Engine\_Renderer</Filter>
    </ClCompile>
    <ClCompile Include="Camera.cpp">
      <Filter>源文件\Engine\_Scene</Filter>
    </ClCompile>
    <ClCompile Include="Timer.cpp">
      <Filter>源文件\Engine\_Core</Filter>
    </ClCompile>
    <ClCompile Include="Math.cpp">
      <Filter>源文件\Engine\_Core</Filter>
    </ClCompile>
    <ClCompile Include="RenderPipeline3D.cpp">
      <Filter>源文件\Engine\_Renderer</Filter>
    </ClCompile>
    <ClCompile Include="Picture2D.cpp">
      <Filter>源文件\Engine\_Scene</Filter>
    </ClCompile>
    <ClCompile Include="FileLoader.cpp">
      <Filter>源文件\Engine\_Core</Filter>
    </ClCompile>
    <ClCompile Include="Mesh.cpp">
      <Filter>源文件\Engine\_Scene</Filter>
    </ClCompile>
    <ClCompile Include="_GeometryMeshGenerator.cpp">
      <Filter>源文件\Engine\_Scene</Filter>
    </ClCompile>
    <ClCompile Include="Game.cpp">
      <Filter>源文件\Game</Filter>
    </ClCompile>
    <ClCompile Include="Player.cpp">
      <Filter>源文件\Game\MainGame\GameObject\Player</Filter>
    </ClCompile>
    <ClCompile Include="Chicken.cpp">
      <Filter>源文件\Game\MainGame\GameObject\Chicken</Filter>
    </ClCompile>
    <ClCompile Include="SceneEnvironment.cpp">
      <Filter>源文件\Game\MainGame\GameObject\SceneEnv</Filter>
    </ClCompile>
    <ClCompile Include="PointCollection.cpp">
      <Filter>源文件\Engine\_Scene</Filter>
    </ClCompile>
    <ClCompile Include="BulletMgr.cpp">
      <Filter>源文件\Game\MainGame\GameObject\BulletMgr</Filter>
    </ClCompile>
    <ClCompile Include="MainGameLogic.cpp">
      <Filter>源文件\Game\MainGame\GameLogic</Filter>
    </ClCompile>
    <ClCompile Include="Base_GameObject.cpp">
      <Filter>源文件\Game\MainGame\GameObject\_Base_GameObject</Filter>
    </ClCompile>
    <ClCompile Include="Asteroid.cpp">
      <Filter>源文件\Game\MainGame\GameObject\Asteroid</Filter>
    </ClCompile>
    <ClCompile Include="Menus.cpp">
      <Filter>源文件\Game\MainGame\Menus</Filter>
    </ClCompile>
  </ItemGroup>
  <ItemGroup>
    <ClInclude Include="Renderer.h">
      <Filter>源文件\Engine\_Renderer</Filter>
    </ClInclude>
    <ClInclude Include="Math.h">
      <Filter>源文件\Engine\_Core</Filter>
    </ClInclude>
    <ClInclude Include="Camera.h">
      <Filter>源文件\Engine\_Scene</Filter>
    </ClInclude>
    <ClInclude Include="Timer.h">
      <Filter>源文件\Engine\_Core</Filter>
    </ClInclude>
    <ClInclude Include="Game.h">
      <Filter>源文件\Game</Filter>
    </ClInclude>
    <ClInclude Include="RenderPipeline3D.h">
      <Filter>源文件\Engine\_Renderer</Filter>
    </ClInclude>
    <ClInclude Include="Picture2D.h">
      <Filter>源文件\Engine\_Scene</Filter>
    </ClInclude>
    <ClInclude Include="FileLoader.h">
      <Filter>源文件\Engine\_Core</Filter>
    </ClInclude>
    <ClInclude Include="Types_def.h">
      <Filter>源文件\Engine\_Core</Filter>
    </ClInclude>
    <ClInclude Include="Mesh.h">
      <Filter>源文件\Engine\_Scene</Filter>
    </ClInclude>
    <ClInclude Include="_GeometryMeshGenerator.h">
      <Filter>源文件\Engine\_Scene</Filter>
    </ClInclude>
    <ClInclude Include="MyConsoleEngine.h">
      <Filter>源文件\Engine</Filter>
    </ClInclude>
    <ClInclude Include="Player.h">
      <Filter>源文件\Game\MainGame\GameObject\Player</Filter>
    </ClInclude>
    <ClInclude Include="Chicken.h">
      <Filter>源文件\Game\MainGame\GameObject\Chicken</Filter>
    </ClInclude>
    <ClInclude Include="SceneEnvironment.h">
      <Filter>源文件\Game\MainGame\GameObject\SceneEnv</Filter>
    </ClInclude>
    <ClInclude Include="PointCollection.h">
      <Filter>源文件\Engine\_Scene</Filter>
    </ClInclude>
    <ClInclude Include="BulletMgr.h">
      <Filter>源文件\Game\MainGame\GameObject\BulletMgr</Filter>
    </ClInclude>
    <ClInclude Include="MainGameLogic.h">
      <Filter>源文件\Game\MainGame\GameLogic</Filter>
    </ClInclude>
    <ClInclude Include="Base_GameObject.h">
      <Filter>源文件\Game\MainGame\GameObject\_Base_GameObject</Filter>
    </ClInclude>
    <ClInclude Include="Asteroid.h">
      <Filter>源文件\Game\MainGame\GameObject\Asteroid</Filter>
    </ClInclude>
    <ClInclude Include="Menus.h">
      <Filter>源文件\Game\MainGame\Menus</Filter>
    </ClInclude>
  </ItemGroup>
</Project>